
Microsoft Visual Studio Solution File, Format Version 12.00
# Visual Studio 15
VisualStudioVersion = 15.0.28307.489
MinimumVisualStudioVersion = 10.0.40219.1
Project("{FAE04EC0-301F-11D3-BF4B-00C04F79EFBC}") = "DernekYonetim.DAL", "DernekYonetim.DAL\DernekYonetim.DAL.csproj", "{90872CA4-9ED9-4C28-86BA-2FE708DD3D4D}"
EndProject
Project("{FAE04EC0-301F-11D3-BF4B-00C04F79EFBC}") = "DernekYonetim.BLL", "DernekYonetim.BLL\DernekYonetim.BLL.csproj", "{B37A25F4-016D-4FFD-8F35-53BB16060444}"
EndProject
Project("{FAE04EC0-301F-11D3-BF4B-00C04F79EFBC}") = "DernekYonetim.UI", "DernekYonetim.UI\DernekYonetim.UI.csproj", "{2B140835-B366-4340-AED0-0264671DB361}"
EndProject
Project("{2150E333-8FDC-42A3-9474-1A3956D46DE8}") = "DernekYonetim.Test", "DernekYonetim.Test", "{4DD2F4BA-2C10-4449-AD81-BB58BAC65A94}"
EndProject
Project("{FAE04EC0-301F-11D3-BF4B-00C04F79EFBC}") = "DernekYonetim.DAL.Tests", "DernekYonetim.DAL.Tests\DernekYonetim.DAL.Tests.csproj", "{4C26F5B4-D5D2-4856-805F-D50209ADB786}"
EndProject
Project("{FAE04EC0-301F-11D3-BF4B-00C04F79EFBC}") = "DernekYonetim.BLL.Tests", "DernelYonetim.BLL.Tests\DernekYonetim.BLL.Tests.csproj", "{B0AFBD9B-BE90-46CA-A430-6F77421AC356}"
EndProject
Global
	GlobalSection(SolutionConfigurationPlatforms) = preSolution
		Debug|Any CPU = Debug|Any CPU
		Release|Any CPU = Release|Any CPU
	EndGlobalSection
	GlobalSection(ProjectConfigurationPlatforms) = postSolution
		{90872CA4-9ED9-4C28-86BA-2FE708DD3D4D}.Debug|Any CPU.ActiveCfg = Debug|Any CPU
		{90872CA4-9ED9-4C28-86BA-2FE708DD3D4D}.Debug|Any CPU.Build.0 = Debug|Any CPU
		{90872CA4-9ED9-4C28-86BA-2FE708DD3D4D}.Release|Any CPU.ActiveCfg = Release|Any CPU
		{90872CA4-9ED9-4C28-86BA-2FE708DD3D4D}.Release|Any CPU.Build.0 = Release|Any CPU
		{B37A25F4-016D-4FFD-8F35-53BB16060444}.Debug|Any CPU.ActiveCfg = Debug|Any CPU
		{B37A25F4-016D-4FFD-8F35-53BB16060444}.Debug|Any CPU.Build.0 = Debug|Any CPU
		{B37A25F4-016D-4FFD-8F35-53BB16060444}.Release|Any CPU.ActiveCfg = Release|Any CPU
		{B37A25F4-016D-4FFD-8F35-53BB16060444}.Release|Any CPU.Build.0 = Release|Any CPU
		{2B140835-B366-4340-AED0-0264671DB361}.Debug|Any CPU.ActiveCfg = Debug|Any CPU
		{2B140835-B366-4340-AED0-0264671DB361}.Debug|Any CPU.Build.0 = Debug|Any CPU
		{2B140835-B366-4340-AED0-0264671DB361}.Release|Any CPU.ActiveCfg = Release|Any CPU
		{2B140835-B366-4340-AED0-0264671DB361}.Release|Any CPU.Build.0 = Release|Any CPU
		{4C26F5B4-D5D2-4856-805F-D50209ADB786}.Debug|Any CPU.ActiveCfg = Debug|Any CPU
		{4C26F5B4-D5D2-4856-805F-D50209ADB786}.Debug|Any CPU.Build.0 = Debug|Any CPU
		{4C26F5B4-D5D2-4856-805F-D50209ADB786}.Release|Any CPU.ActiveCfg = Release|Any CPU
		{4C26F5B4-D5D2-4856-805F-D50209ADB786}.Release|Any CPU.Build.0 = Release|Any CPU
		{B0AFBD9B-BE90-46CA-A430-6F77421AC356}.Debug|Any CPU.ActiveCfg = Debug|Any CPU
		{B0AFBD9B-BE90-46CA-A430-6F77421AC356}.Debug|Any CPU.Build.0 = Debug|Any CPU
		{B0AFBD9B-BE90-46CA-A430-6F77421AC356}.Release|Any CPU.ActiveCfg = Release|Any CPU
		{B0AFBD9B-BE90-46CA-A430-6F77421AC356}.Release|Any CPU.Build.0 = Release|Any CPU
	EndGlobalSection
	GlobalSection(SolutionProperties) = preSolution
		HideSolutionNode = FALSE
	EndGlobalSection
	GlobalSection(NestedProjects) = preSolution
		{4C26F5B4-D5D2-4856-805F-D50209ADB786} = {4DD2F4BA-2C10-4449-AD81-BB58BAC65A94}
		{B0AFBD9B-BE90-46CA-A430-6F77421AC356} = {4DD2F4BA-2C10-4449-AD81-BB58BAC65A94}
	EndGlobalSection
	GlobalSection(ExtensibilityGlobals) = postSolution
		SolutionGuid = {9661A9ED-63D3-4D9D-8F07-CC5EFAAE2721}
	EndGlobalSection
EndGlobal
